
Microsoft Visual Studio Solution File, Format Version 12.00
# Visual Studio 15
VisualStudioVersion = 15.0.26730.15
MinimumVisualStudioVersion = 10.0.40219.1
Project("{FAE04EC0-301F-11D3-BF4B-00C04F79EFBC}") = "WinFontSwitcher", "WinFontSwitcher\WinFontSwitcher.csproj", "{78DE639D-2B20-499B-AA3B-3C6AF5BCF82E}"
EndProject
Global
	GlobalSection(SolutionConfigurationPlatforms) = preSolution
		Debug|Any CPU = Debug|Any CPU
		Release|Any CPU = Release|Any CPU
	EndGlobalSection
	GlobalSection(ProjectConfigurationPlatforms) = postSolution
		{78DE639D-2B20-499B-AA3B-3C6AF5BCF82E}.Debug|Any CPU.ActiveCfg = Debug|Any CPU
		{78DE639D-2B20-499B-AA3B-3C6AF5BCF82E}.Debug|Any CPU.Build.0 = Debug|Any CPU
		{78DE639D-2B20-499B-AA3B-3C6AF5BCF82E}.Release|Any CPU.ActiveCfg = Release|Any CPU
		{78DE639D-2B20-499B-AA3B-3C6AF5BCF82E}.Release|Any CPU.Build.0 = Release|Any CPU
	EndGlobalSection
	GlobalSection(SolutionProperties) = preSolution
		HideSolutionNode = FALSE
	EndGlobalSection
	GlobalSection(ExtensibilityGlobals) = postSolution
		SolutionGuid = {110E3AC0-2641-40C7-AB7B-DF71632BB842}
	EndGlobalSection
EndGlobal
